
Microsoft Visual Studio Solution File, Format Version 12.00
# Visual Studio Version 17
VisualStudioVersion = 17.11.35208.52
MinimumVisualStudioVersion = 10.0.40219.1
Project("{FAE04EC0-301F-11D3-BF4B-00C04F79EFBC}") = "ClinicAppointmentTask", "ClinicAppointmentTask\ClinicAppointmentTask.csproj", "{F3E505DD-95F7-4C92-B002-C0DA2AA0DF4C}"
EndProject
Global
	GlobalSection(SolutionConfigurationPlatforms) = preSolution
		Debug|Any CPU = Debug|Any CPU
		Release|Any CPU = Release|Any CPU
	EndGlobalSection
	GlobalSection(ProjectConfigurationPlatforms) = postSolution
		{F3E505DD-95F7-4C92-B002-C0DA2AA0DF4C}.Debug|Any CPU.ActiveCfg = Debug|Any CPU
		{F3E505DD-95F7-4C92-B002-C0DA2AA0DF4C}.Debug|Any CPU.Build.0 = Debug|Any CPU
		{F3E505DD-95F7-4C92-B002-C0DA2AA0DF4C}.Release|Any CPU.ActiveCfg = Release|Any CPU
		{F3E505DD-95F7-4C92-B002-C0DA2AA0DF4C}.Release|Any CPU.Build.0 = Release|Any CPU
	EndGlobalSection
	GlobalSection(SolutionProperties) = preSolution
		HideSolutionNode = FALSE
	EndGlobalSection
	GlobalSection(ExtensibilityGlobals) = postSolution
		SolutionGuid = {5F9B6C37-1177-47CA-9342-5F6232571F4E}
	EndGlobalSection
EndGlobal
